{
  "version": 4,
  "terraform_version": "1.3.9",
  "serial": 1,
  "lineage": "b8214379-8b13-a4fd-22b7-57a9f476be47",
  "outputs": {},
  "resources": [
    {
      "mode": "managed",
      "type": "aws_vpc",
      "name": "main",
      "provider": "provider[\"registry.terraform.io/hashicorp/aws\"]",
      "instances": [
        {
          "schema_version": 1,
          "attributes": {
            "arn": "arn:aws:ec2:us-east-1:785169158894:vpc/vpc-0212b291da2a074b1",
            "assign_generated_ipv6_cidr_block": false,
            "cidr_block": "10.0.0.0/16",
            "default_network_acl_id": "acl-0d8fdc8d4a60ffb8e",
            "default_route_table_id": "rtb-02022d6a2cf91e0e9",
            "default_security_group_id": "sg-0b076daa65a8094dd",
            "dhcp_options_id": "dopt-0c0c93d52d87e640e",
            "enable_dns_hostnames": true,
            "enable_dns_support": true,
            "enable_network_address_usage_metrics": false,
            "id": "vpc-0212b291da2a074b1",
            "instance_tenancy": "default",
            "ipv4_ipam_pool_id": null,
            "ipv4_netmask_length": null,
            "ipv6_association_id": "",
            "ipv6_cidr_block": "",
            "ipv6_cidr_block_network_border_group": "",
            "ipv6_ipam_pool_id": "",
            "ipv6_netmask_length": 0,
            "main_route_table_id": "rtb-02022d6a2cf91e0e9",
            "owner_id": "785169158894",
            "tags": {
              "Name": "bjgomes-vpc",
              "env": "Dev"
            },
            "tags_all": {
              "Name": "bjgomes-vpc",
              "env": "Dev"
            }
          },
          "sensitive_attributes": [],
          "private": "eyJzY2hlbWFfdmVyc2lvbiI6IjEifQ=="
        }
      ]
    }
  ],
  "check_results": null
}
